
Microsoft Visual Studio Solution File, Format Version 11.00
# Visual Studio 2010
Project("{FAE04EC0-301F-11D3-BF4B-00C04F79EFBC}") = "LightWeb", "LightWeb\LightWeb.csproj", "{309E1D29-12ED-4415-8B1F-B4D792295E6E}"
EndProject
Project("{FAE04EC0-301F-11D3-BF4B-00C04F79EFBC}") = "LightWeb.Tests", "LightWeb.Tests\LightWeb.Tests.csproj", "{D6F468DE-A87F-44F5-A16D-B117D7055464}"
EndProject
Project("{FAE04EC0-301F-11D3-BF4B-00C04F79EFBC}") = "gigaFlash", "gigaFlash\gigaFlash.csproj", "{EB5680AC-6A29-4416-96F0-8B75D196E1EC}"
EndProject
Global
	GlobalSection(SolutionConfigurationPlatforms) = preSolution
		Debug|Any CPU = Debug|Any CPU
		Release|Any CPU = Release|Any CPU
	EndGlobalSection
	GlobalSection(ProjectConfigurationPlatforms) = postSolution
		{309E1D29-12ED-4415-8B1F-B4D792295E6E}.Debug|Any CPU.ActiveCfg = Debug|Any CPU
		{309E1D29-12ED-4415-8B1F-B4D792295E6E}.Debug|Any CPU.Build.0 = Debug|Any CPU
		{309E1D29-12ED-4415-8B1F-B4D792295E6E}.Release|Any CPU.ActiveCfg = Release|Any CPU
		{309E1D29-12ED-4415-8B1F-B4D792295E6E}.Release|Any CPU.Build.0 = Release|Any CPU
		{D6F468DE-A87F-44F5-A16D-B117D7055464}.Debug|Any CPU.ActiveCfg = Debug|Any CPU
		{D6F468DE-A87F-44F5-A16D-B117D7055464}.Debug|Any CPU.Build.0 = Debug|Any CPU
		{D6F468DE-A87F-44F5-A16D-B117D7055464}.Release|Any CPU.ActiveCfg = Release|Any CPU
		{D6F468DE-A87F-44F5-A16D-B117D7055464}.Release|Any CPU.Build.0 = Release|Any CPU
		{EB5680AC-6A29-4416-96F0-8B75D196E1EC}.Debug|Any CPU.ActiveCfg = Debug|Any CPU
		{EB5680AC-6A29-4416-96F0-8B75D196E1EC}.Debug|Any CPU.Build.0 = Debug|Any CPU
		{EB5680AC-6A29-4416-96F0-8B75D196E1EC}.Release|Any CPU.ActiveCfg = Release|Any CPU
		{EB5680AC-6A29-4416-96F0-8B75D196E1EC}.Release|Any CPU.Build.0 = Release|Any CPU
	EndGlobalSection
	GlobalSection(SolutionProperties) = preSolution
		HideSolutionNode = FALSE
	EndGlobalSection
EndGlobal
